<?xml version="1.0" encoding="utf-8"?>
<Project ToolsVersion="17.0" xmlns="http://schemas.microsoft.com/developer/msbuild/2003">
  <ItemGroup>
    <ClCompile Include="D:\Intellicrack\tools\x64dbg_plugin\intellicrack_bridge.cpp">
      <Filter>Source Files</Filter>
    </ClCompile>
    <ClCompile Include="D:\Intellicrack\tools\x64dbg_plugin\pipe_server.cpp">
      <Filter>Source Files</Filter>
    </ClCompile>
    <ClCompile Include="D:\Intellicrack\tools\x64dbg_plugin\command_handler.cpp">
      <Filter>Source Files</Filter>
    </ClCompile>
  </ItemGroup>
  <ItemGroup>
    <ClInclude Include="D:\Intellicrack\tools\x64dbg_plugin\intellicrack_bridge.h">
      <Filter>Header Files</Filter>
    </ClInclude>
    <ClInclude Include="D:\Intellicrack\tools\x64dbg_plugin\pipe_server.h">
      <Filter>Header Files</Filter>
    </ClInclude>
    <ClInclude Include="D:\Intellicrack\tools\x64dbg_plugin\command_handler.h">
      <Filter>Header Files</Filter>
    </ClInclude>
  </ItemGroup>
  <ItemGroup>
    <CustomBuild Include="D:\Intellicrack\tools\x64dbg_plugin\CMakeLists.txt" />
  </ItemGroup>
  <ItemGroup>
    <Filter Include="Header Files">
      <UniqueIdentifier>{49FCB0F0-731A-3E9B-A9F8-5BA48F318D95}</UniqueIdentifier>
    </Filter>
    <Filter Include="Source Files">
      <UniqueIdentifier>{2F6E5919-AA35-32FB-A83A-B70354A82CAB}</UniqueIdentifier>
    </Filter>
  </ItemGroup>
</Project>
